
Microsoft Visual Studio Solution File, Format Version 12.00
Project("{FAE04EC0-301F-11D3-BF4B-00C04F79EFBC}") = "FactoryMethod", "FactoryMethod.csproj", "{E07AC6BE-9AD8-4C20-92BB-BDD31A5A8763}"
EndProject
Global
	GlobalSection(SolutionConfigurationPlatforms) = preSolution
		Debug|Any CPU = Debug|Any CPU
		Release|Any CPU = Release|Any CPU
	EndGlobalSection
	GlobalSection(ProjectConfigurationPlatforms) = postSolution
		{E07AC6BE-9AD8-4C20-92BB-BDD31A5A8763}.Debug|Any CPU.ActiveCfg = Debug|Any CPU
		{E07AC6BE-9AD8-4C20-92BB-BDD31A5A8763}.Debug|Any CPU.Build.0 = Debug|Any CPU
		{E07AC6BE-9AD8-4C20-92BB-BDD31A5A8763}.Release|Any CPU.ActiveCfg = Release|Any CPU
		{E07AC6BE-9AD8-4C20-92BB-BDD31A5A8763}.Release|Any CPU.Build.0 = Release|Any CPU
	EndGlobalSection
EndGlobal
